
Microsoft Visual Studio Solution File, Format Version 12.00
# Visual Studio Version 17
VisualStudioVersion = 17.10.35013.160
MinimumVisualStudioVersion = 10.0.40219.1
Project("{FAE04EC0-301F-11D3-BF4B-00C04F79EFBC}") = "מירוץ מכוניות task", "מירוץ מכוניות task\מירוץ מכוניות task.csproj", "{877498B6-EF26-4827-8249-2A7BD96567BA}"
EndProject
Global
	GlobalSection(SolutionConfigurationPlatforms) = preSolution
		Debug|Any CPU = Debug|Any CPU
		Release|Any CPU = Release|Any CPU
	EndGlobalSection
	GlobalSection(ProjectConfigurationPlatforms) = postSolution
		{877498B6-EF26-4827-8249-2A7BD96567BA}.Debug|Any CPU.ActiveCfg = Debug|Any CPU
		{877498B6-EF26-4827-8249-2A7BD96567BA}.Debug|Any CPU.Build.0 = Debug|Any CPU
		{877498B6-EF26-4827-8249-2A7BD96567BA}.Release|Any CPU.ActiveCfg = Release|Any CPU
		{877498B6-EF26-4827-8249-2A7BD96567BA}.Release|Any CPU.Build.0 = Release|Any CPU
	EndGlobalSection
	GlobalSection(SolutionProperties) = preSolution
		HideSolutionNode = FALSE
	EndGlobalSection
	GlobalSection(ExtensibilityGlobals) = postSolution
		SolutionGuid = {FF789D34-8765-4E8C-9906-4496F89B0FB0}
	EndGlobalSection
EndGlobal
